
Microsoft Visual Studio Solution File, Format Version 12.00
# Visual Studio Version 16
VisualStudioVersion = 16.0.30503.244
MinimumVisualStudioVersion = 10.0.40219.1
Project("{FAE04EC0-301F-11D3-BF4B-00C04F79EFBC}") = "DependencyInjection1", "DependencyInjection1.csproj", "{65BA54FF-E88C-44F7-A1CD-C4472B982BB8}"
EndProject
Global
	GlobalSection(SolutionConfigurationPlatforms) = preSolution
		Debug|Any CPU = Debug|Any CPU
		Release|Any CPU = Release|Any CPU
	EndGlobalSection
	GlobalSection(ProjectConfigurationPlatforms) = postSolution
		{65BA54FF-E88C-44F7-A1CD-C4472B982BB8}.Debug|Any CPU.ActiveCfg = Debug|Any CPU
		{65BA54FF-E88C-44F7-A1CD-C4472B982BB8}.Debug|Any CPU.Build.0 = Debug|Any CPU
		{65BA54FF-E88C-44F7-A1CD-C4472B982BB8}.Release|Any CPU.ActiveCfg = Release|Any CPU
		{65BA54FF-E88C-44F7-A1CD-C4472B982BB8}.Release|Any CPU.Build.0 = Release|Any CPU
	EndGlobalSection
	GlobalSection(SolutionProperties) = preSolution
		HideSolutionNode = FALSE
	EndGlobalSection
	GlobalSection(ExtensibilityGlobals) = postSolution
		SolutionGuid = {70857111-BDFB-4AEA-9C96-BA278E281EA2}
	EndGlobalSection
EndGlobal
